
Microsoft Visual Studio Solution File, Format Version 12.00
# Visual Studio 14
VisualStudioVersion = 14.0.25420.1
MinimumVisualStudioVersion = 10.0.40219.1
Project("{FAE04EC0-301F-11D3-BF4B-00C04F79EFBC}") = "InTimeForExam", "InTimeForExam\InTimeForExam.csproj", "{9B0CBFF5-87BD-4A5D-8BA8-F98168553C3F}"
EndProject
Project("{FAE04EC0-301F-11D3-BF4B-00C04F79EFBC}") = "StudyHall", "StudyHall\StudyHall.csproj", "{4D3FB110-3851-4D34-98E2-5D1D05C25550}"
EndProject
Project("{FAE04EC0-301F-11D3-BF4B-00C04F79EFBC}") = "VegetableExchange", "VegetableExchange\VegetableExchange.csproj", "{B58F782C-1B72-439B-B803-5D69C8310E35}"
EndProject
Project("{FAE04EC0-301F-11D3-BF4B-00C04F79EFBC}") = "repareOfTile", "repareOfTile\repareOfTile.csproj", "{B5DF57F7-9E02-4AF3-871E-31128E8F7798}"
EndProject
Project("{FAE04EC0-301F-11D3-BF4B-00C04F79EFBC}") = "Money", "Money\Money.csproj", "{B063AD30-32F0-41DC-8785-3EEF1967714D}"
EndProject
Project("{FAE04EC0-301F-11D3-BF4B-00C04F79EFBC}") = "DailyEarnings", "DailyEarnings\DailyEarnings.csproj", "{DF53B126-ABA6-44F7-BF6D-974A3AEF16EB}"
EndProject
Project("{FAE04EC0-301F-11D3-BF4B-00C04F79EFBC}") = "CostOfTransport", "CostOfTransport\CostOfTransport.csproj", "{87A6F5A3-E6A8-4D5B-AE62-DBBC25FD8C4E}"
EndProject
Project("{FAE04EC0-301F-11D3-BF4B-00C04F79EFBC}") = "pipesInPool", "pipesInPool\pipesInPool.csproj", "{AC7773B7-CB0B-439C-BAA2-013159B13105}"
EndProject
Project("{FAE04EC0-301F-11D3-BF4B-00C04F79EFBC}") = "sleepingCatTom", "sleepingCatTom\sleepingCatTom.csproj", "{2D950CF4-4152-4F74-A18C-E7D399617A34}"
EndProject
Project("{FAE04EC0-301F-11D3-BF4B-00C04F79EFBC}") = "Harvest", "Harvest\Harvest.csproj", "{8E2AB236-8C4B-4CBA-ACCF-C599B132F000}"
EndProject
Project("{FAE04EC0-301F-11D3-BF4B-00C04F79EFBC}") = "Firm", "Firm\Firm.csproj", "{D412A1EA-1525-476B-B5AB-AE13548E7AE2}"
EndProject
Project("{FAE04EC0-301F-11D3-BF4B-00C04F79EFBC}") = "Pateshestvie", "Pateshestvie\Pateshestvie.csproj", "{3FEE4EDA-398A-4F72-9247-3F2AA7068617}"
EndProject
Project("{FAE04EC0-301F-11D3-BF4B-00C04F79EFBC}") = "operationBetweenNum", "operationBetweenNum\operationBetweenNum.csproj", "{1B418A9E-30C8-4ECD-8CE6-B885B2359FF0}"
EndProject
Project("{FAE04EC0-301F-11D3-BF4B-00C04F79EFBC}") = "Tickets", "Tickets\Tickets.csproj", "{28241EF8-1DF4-4723-8F91-A90B83076DBE}"
EndProject
Project("{FAE04EC0-301F-11D3-BF4B-00C04F79EFBC}") = "HotelRoom", "HotelRoom\HotelRoom.csproj", "{147D5B34-1163-4B58-A122-4F1C3CC350D2}"
EndProject
Project("{FAE04EC0-301F-11D3-BF4B-00C04F79EFBC}") = "Histogram", "Histogram\Histogram.csproj", "{A919F501-6BC3-4CFB-BE7A-4804106DA640}"
EndProject
Project("{FAE04EC0-301F-11D3-BF4B-00C04F79EFBC}") = "hungryGarfield", "hungryGarfield\hungryGarfield.csproj", "{C36DC723-86D8-4302-9CF3-A80856E8AF50}"
EndProject
Project("{FAE04EC0-301F-11D3-BF4B-00C04F79EFBC}") = "EncodedAnswers", "EncodedAnswers\EncodedAnswers.csproj", "{1B941B06-F1A6-40D1-B16B-367161A75557}"
EndProject
Project("{FAE04EC0-301F-11D3-BF4B-00C04F79EFBC}") = "FallenInLove", "FallenInLove\FallenInLove.csproj", "{50403D6F-468C-436F-A70A-54CEE1A10599}"
EndProject
Project("{FAE04EC0-301F-11D3-BF4B-00C04F79EFBC}") = "PassionDays", "PassionDays\PassionDays.csproj", "{42C1D004-79B7-4959-974D-6F42F55684B1}"
EndProject
Project("{FAE04EC0-301F-11D3-BF4B-00C04F79EFBC}") = "divideNoRemainder", "divideNoRemainder\divideNoRemainder.csproj", "{2CB31861-CA66-422F-B52F-B0FE7056A82E}"
EndProject
Project("{FAE04EC0-301F-11D3-BF4B-00C04F79EFBC}") = "CleverLily", "CleverLily\CleverLily.csproj", "{88047C83-F8A6-462F-B7B4-EC5AF60F06FB}"
EndProject
Project("{FAE04EC0-301F-11D3-BF4B-00C04F79EFBC}") = "SaltAndPepper", "SaltAndPepper\SaltAndPepper.csproj", "{3C70CB37-D732-4D11-8A97-C419E55F7BF0}"
EndProject
Project("{FAE04EC0-301F-11D3-BF4B-00C04F79EFBC}") = "Hospital", "Hospital\Hospital.csproj", "{D1784819-46A7-46C0-A9E2-08EC229BAA5B}"
EndProject
Project("{FAE04EC0-301F-11D3-BF4B-00C04F79EFBC}") = "Numbers", "Numbers\Numbers.csproj", "{98818102-A1E5-4863-9CF0-828DAB974429}"
EndProject
Project("{FAE04EC0-301F-11D3-BF4B-00C04F79EFBC}") = "AxeBradva", "sloncho\AxeBradva.csproj", "{69EA4722-27AD-4FCF-B8A8-A1382899FA1E}"
EndProject
Project("{FAE04EC0-301F-11D3-BF4B-00C04F79EFBC}") = "GrapeAndRakia", "GrapeAndRakia\GrapeAndRakia.csproj", "{465A5A39-165D-4E6E-A4FF-BD2E9CE87151}"
EndProject
Project("{FAE04EC0-301F-11D3-BF4B-00C04F79EFBC}") = "Styrofoam", "Styrofoam\Styrofoam.csproj", "{9A6C59CF-B12A-448D-A14D-ADF29B3B16AE}"
EndProject
Project("{FAE04EC0-301F-11D3-BF4B-00C04F79EFBC}") = "TruckDriver", "TruckDriver\TruckDriver.csproj", "{821C19D5-ED56-4F56-812F-A1711538F91F}"
EndProject
Project("{FAE04EC0-301F-11D3-BF4B-00C04F79EFBC}") = "Bills", "Bills\Bills.csproj", "{E5A58F12-7A17-4A33-AA4F-F00C58F5E8A9}"
EndProject
Project("{FAE04EC0-301F-11D3-BF4B-00C04F79EFBC}") = "Parallelepiped", "Parallelepiped\Parallelepiped.csproj", "{8025653A-1C06-448C-9ABC-74A8FEAB7E8B}"
EndProject
Project("{FAE04EC0-301F-11D3-BF4B-00C04F79EFBC}") = "ControlNumberAAAAAAA", "ControlNumber\ControlNumberAAAAAAA.csproj", "{970949C9-B9FC-4C78-9F8B-FBE5532B06E2}"
EndProject
Project("{FAE04EC0-301F-11D3-BF4B-00C04F79EFBC}") = "StupidPasswordGenerator", "StupidPasswordGenerator\StupidPasswordGenerator.csproj", "{EAD3CEAB-CF68-49CD-9289-81C492E04D74}"
EndProject
Project("{FAE04EC0-301F-11D3-BF4B-00C04F79EFBC}") = "DrawFort", "DrawFort\DrawFort.csproj", "{3EC0C487-2EB3-4BA4-9A11-CF3267B45560}"
EndProject
Project("{FAE04EC0-301F-11D3-BF4B-00C04F79EFBC}") = "FigureSTOP", "FigureSTOP\FigureSTOP.csproj", "{CB1D6E3B-CD34-485A-B0F9-55A97E9B5648}"
EndProject
Project("{FAE04EC0-301F-11D3-BF4B-00C04F79EFBC}") = "Distance", "Distance\Distance.csproj", "{A68E2A8A-5EEF-4F34-90AD-28182E4B1386}"
EndProject
Project("{FAE04EC0-301F-11D3-BF4B-00C04F79EFBC}") = "ChangeTiles", "ChangeTiles\ChangeTiles.csproj", "{390DB4C0-764D-4093-BD69-627E19DC0DC0}"
EndProject
Project("{FAE04EC0-301F-11D3-BF4B-00C04F79EFBC}") = "Flowers", "Flowers\Flowers.csproj", "{F19A6E8C-BFA1-4E64-83EA-03DBC2500914}"
EndProject
Project("{FAE04EC0-301F-11D3-BF4B-00C04F79EFBC}") = "Grades", "Grades\Grades.csproj", "{24A539B7-1C30-4FB0-A169-00A874AFD094}"
EndProject
Project("{FAE04EC0-301F-11D3-BF4B-00C04F79EFBC}") = "LettersCombinations", "LettersCombinations\LettersCombinations.csproj", "{4FE0802E-045B-4C1A-86CF-FCC1BDB2A2A9}"
EndProject
Project("{FAE04EC0-301F-11D3-BF4B-00C04F79EFBC}") = "ChristmasHat", "ChristmasHat\ChristmasHat.csproj", "{74058DC0-480D-4C30-AFF0-EEBAABA0F924}"
EndProject
Project("{FAE04EC0-301F-11D3-BF4B-00C04F79EFBC}") = "Fishland", "Fishland\Fishland.csproj", "{F5378A81-13F9-41B2-93E0-C6D3A991AA0D}"
EndProject
Project("{FAE04EC0-301F-11D3-BF4B-00C04F79EFBC}") = "Pets", "Pets\Pets.csproj", "{4D837D6E-EAF8-435E-B04E-56511B9B44AE}"
EndProject
Project("{FAE04EC0-301F-11D3-BF4B-00C04F79EFBC}") = "Vacation", "Vacation\Vacation.csproj", "{418CCA2E-A208-40BF-82B1-2C92E00FE8D4}"
EndProject
Project("{FAE04EC0-301F-11D3-BF4B-00C04F79EFBC}") = "SoftUniCamp", "SoftUniCamp\SoftUniCamp.csproj", "{EB49064C-BE21-4FB6-AAC2-552CE38A6D70}"
EndProject
Project("{FAE04EC0-301F-11D3-BF4B-00C04F79EFBC}") = "Fox", "Fox\Fox.csproj", "{4A600917-5C92-44BB-B043-278CDE660C56}"
EndProject
Project("{FAE04EC0-301F-11D3-BF4B-00C04F79EFBC}") = "Battles", "Battles\Battles.csproj", "{F51C0D2F-FA0B-4287-B3ED-5CFD95E3F5EC}"
EndProject
Project("{FAE04EC0-301F-11D3-BF4B-00C04F79EFBC}") = "butterfly", "..\DrawingFigureWithLoops\butterfly\butterfly.csproj", "{0F131ECA-2ED3-45D5-8DE5-B3922B5C3405}"
EndProject
Project("{FAE04EC0-301F-11D3-BF4B-00C04F79EFBC}") = "GenerateRectangles", "GenerateRectangles\GenerateRectangles.csproj", "{85588A30-8657-4363-8C56-CF87AC24BD23}"
EndProject
Project("{FAE04EC0-301F-11D3-BF4B-00C04F79EFBC}") = "HousePainting", "HousePainting\HousePainting.csproj", "{F5A852EE-0AD8-4486-A9B1-80EF6CC6386A}"
EndProject
Project("{FAE04EC0-301F-11D3-BF4B-00C04F79EFBC}") = "Cups", "Cups\Cups.csproj", "{6F9353CB-C4B2-44D2-A3E9-A432DD296368}"
EndProject
Project("{FAE04EC0-301F-11D3-BF4B-00C04F79EFBC}") = "VacantionMarokoAlaska", "VacantionMarokoAlaska\VacantionMarokoAlaska.csproj", "{4E0F0320-BBC4-4150-8084-5A7A4702E715}"
EndProject
Project("{FAE04EC0-301F-11D3-BF4B-00C04F79EFBC}") = "TrainerSalary", "TrainerSalary\TrainerSalary.csproj", "{D14D8AAE-4270-48AC-AA93-6ECE2E7AF702}"
EndProject
Project("{FAE04EC0-301F-11D3-BF4B-00C04F79EFBC}") = "Hourglass", "Hourglass\Hourglass.csproj", "{9DFCA41F-67DA-45F1-8723-E41B2C03DE0E}"
EndProject
Project("{FAE04EC0-301F-11D3-BF4B-00C04F79EFBC}") = "TwoNumbersSum", "TwoNumbersSum\TwoNumbersSum.csproj", "{F367E18A-7A01-4DE6-A383-967490BC0741}"
EndProject
Project("{FAE04EC0-301F-11D3-BF4B-00C04F79EFBC}") = "DogHouse", "DogHouse\DogHouse.csproj", "{B38B8C66-9D6E-46E6-9424-9E05ACFD3F2C}"
EndProject
Project("{FAE04EC0-301F-11D3-BF4B-00C04F79EFBC}") = "Workhours", "Workhours\Workhours.csproj", "{10798026-DA26-4773-9990-D13CFF2A68F5}"
EndProject
Project("{FAE04EC0-301F-11D3-BF4B-00C04F79EFBC}") = "CarToGo", "CarToGo\CarToGo.csproj", "{EE8B015D-A4B6-4A6B-AD6D-E79FAE6E97EA}"
EndProject
Project("{FAE04EC0-301F-11D3-BF4B-00C04F79EFBC}") = "GameOfIntervals", "GameOfIntervals\GameOfIntervals.csproj", "{6FCECB41-DF3C-4B31-8D7F-AC22ED129B49}"
EndProject
Project("{FAE04EC0-301F-11D3-BF4B-00C04F79EFBC}") = "SoftUniLogo", "SoftUniLogo\SoftUniLogo.csproj", "{C33B588B-3D59-4C45-A550-7DC1A323C193}"
EndProject
Project("{FAE04EC0-301F-11D3-BF4B-00C04F79EFBC}") = "SumOfTwoNumbers", "SumOfTwoNumbers\SumOfTwoNumbers.csproj", "{C0523591-E245-4034-AB5F-E18B4A5EED04}"
EndProject
Project("{FAE04EC0-301F-11D3-BF4B-00C04F79EFBC}") = "HousePrice", "HousePrice\HousePrice.csproj", "{F530CE57-3B7E-4408-8BB5-67DDD939779E}"
EndProject
Project("{FAE04EC0-301F-11D3-BF4B-00C04F79EFBC}") = "FlowerShop", "FlowerShop\FlowerShop.csproj", "{5A76BFD8-14BB-4F68-8D24-D5922F31C876}"
EndProject
Project("{FAE04EC0-301F-11D3-BF4B-00C04F79EFBC}") = "BikeRace", "BikeRace\BikeRace.csproj", "{0764B2BD-873E-4A18-8262-1F99B0303314}"
EndProject
Project("{FAE04EC0-301F-11D3-BF4B-00C04F79EFBC}") = "Logistics", "Logistics\Logistics.csproj", "{781B6788-5AC8-4FA6-9CF8-3BFAD067F608}"
EndProject
Project("{FAE04EC0-301F-11D3-BF4B-00C04F79EFBC}") = "Rocket", "Rocket\Rocket.csproj", "{98E7CBD0-43D0-423C-9841-359A5BB6F35A}"
EndProject
Project("{FAE04EC0-301F-11D3-BF4B-00C04F79EFBC}") = "maxCombination", "maxCombination\maxCombination.csproj", "{F8CE407E-2249-41F1-8844-E00DDD18C3CB}"
EndProject
Project("{FAE04EC0-301F-11D3-BF4B-00C04F79EFBC}") = "Match Tickets", "Match Tickets\Match Tickets.csproj", "{99F28248-911C-431D-B3DB-ECAFE2E80BEB}"
EndProject
Project("{FAE04EC0-301F-11D3-BF4B-00C04F79EFBC}") = "BackToThePast", "BackToThePast\BackToThePast.csproj", "{EC1A5771-156D-498C-82D7-FCE82697007D}"
EndProject
Project("{FAE04EC0-301F-11D3-BF4B-00C04F79EFBC}") = "StopNumber", "StopNumber\StopNumber.csproj", "{CEB02329-AB19-4C19-9B2F-DD1BE297DCCD}"
EndProject
Project("{FAE04EC0-301F-11D3-BF4B-00C04F79EFBC}") = "stopFigure", "stopFigure\stopFigure.csproj", "{3324DDE2-3615-4C43-AFE2-D28D17D0EED5}"
EndProject
Project("{FAE04EC0-301F-11D3-BF4B-00C04F79EFBC}") = "specialNumbers", "specialNumbers\specialNumbers.csproj", "{823B29C2-1339-4426-8456-F04FC449F778}"
EndProject
Project("{FAE04EC0-301F-11D3-BF4B-00C04F79EFBC}") = "MagicNUm", "MagicNUm\MagicNUm.csproj", "{8EC03629-E632-4431-B58C-B3E1C7DE0D93}"
EndProject
Project("{FAE04EC0-301F-11D3-BF4B-00C04F79EFBC}") = "TriangleArea", "TriangleArea\TriangleArea.csproj", "{92EFCB16-1361-42CF-B5E6-4DD6041AA54B}"
EndProject
Project("{FAE04EC0-301F-11D3-BF4B-00C04F79EFBC}") = "Bricks", "Bricks\Bricks.csproj", "{63FD6E84-481D-40AA-A00C-3C7764A81613}"
EndProject
Project("{FAE04EC0-301F-11D3-BF4B-00C04F79EFBC}") = "PointOnSegment", "PointOnSegment\PointOnSegment.csproj", "{C67AA50F-ABF6-4C80-A3B3-F43362046E9A}"
EndProject
Project("{FAE04EC0-301F-11D3-BF4B-00C04F79EFBC}") = "PointInFigure", "PointInFigure\PointInFigure.csproj", "{5CE1F8A1-6959-496C-A376-A68402F8AE68}"
EndProject
Project("{FAE04EC0-301F-11D3-BF4B-00C04F79EFBC}") = "DateAfter5Days", "DateAfter5Days\DateAfter5Days.csproj", "{D2B9BCE6-7DDE-4E47-B25C-ABB84F0FEBE0}"
EndProject
Global
	GlobalSection(SolutionConfigurationPlatforms) = preSolution
		Debug|Any CPU = Debug|Any CPU
		Release|Any CPU = Release|Any CPU
	EndGlobalSection
	GlobalSection(ProjectConfigurationPlatforms) = postSolution
		{9B0CBFF5-87BD-4A5D-8BA8-F98168553C3F}.Debug|Any CPU.ActiveCfg = Debug|Any CPU
		{9B0CBFF5-87BD-4A5D-8BA8-F98168553C3F}.Debug|Any CPU.Build.0 = Debug|Any CPU
		{9B0CBFF5-87BD-4A5D-8BA8-F98168553C3F}.Release|Any CPU.ActiveCfg = Release|Any CPU
		{9B0CBFF5-87BD-4A5D-8BA8-F98168553C3F}.Release|Any CPU.Build.0 = Release|Any CPU
		{4D3FB110-3851-4D34-98E2-5D1D05C25550}.Debug|Any CPU.ActiveCfg = Debug|Any CPU
		{4D3FB110-3851-4D34-98E2-5D1D05C25550}.Debug|Any CPU.Build.0 = Debug|Any CPU
		{4D3FB110-3851-4D34-98E2-5D1D05C25550}.Release|Any CPU.ActiveCfg = Release|Any CPU
		{4D3FB110-3851-4D34-98E2-5D1D05C25550}.Release|Any CPU.Build.0 = Release|Any CPU
		{B58F782C-1B72-439B-B803-5D69C8310E35}.Debug|Any CPU.ActiveCfg = Debug|Any CPU
		{B58F782C-1B72-439B-B803-5D69C8310E35}.Debug|Any CPU.Build.0 = Debug|Any CPU
		{B58F782C-1B72-439B-B803-5D69C8310E35}.Release|Any CPU.ActiveCfg = Release|Any CPU
		{B58F782C-1B72-439B-B803-5D69C8310E35}.Release|Any CPU.Build.0 = Release|Any CPU
		{B5DF57F7-9E02-4AF3-871E-31128E8F7798}.Debug|Any CPU.ActiveCfg = Debug|Any CPU
		{B5DF57F7-9E02-4AF3-871E-31128E8F7798}.Debug|Any CPU.Build.0 = Debug|Any CPU
		{B5DF57F7-9E02-4AF3-871E-31128E8F7798}.Release|Any CPU.ActiveCfg = Release|Any CPU
		{B5DF57F7-9E02-4AF3-871E-31128E8F7798}.Release|Any CPU.Build.0 = Release|Any CPU
		{B063AD30-32F0-41DC-8785-3EEF1967714D}.Debug|Any CPU.ActiveCfg = Debug|Any CPU
		{B063AD30-32F0-41DC-8785-3EEF1967714D}.Debug|Any CPU.Build.0 = Debug|Any CPU
		{B063AD30-32F0-41DC-8785-3EEF1967714D}.Release|Any CPU.ActiveCfg = Release|Any CPU
		{B063AD30-32F0-41DC-8785-3EEF1967714D}.Release|Any CPU.Build.0 = Release|Any CPU
		{DF53B126-ABA6-44F7-BF6D-974A3AEF16EB}.Debug|Any CPU.ActiveCfg = Debug|Any CPU
		{DF53B126-ABA6-44F7-BF6D-974A3AEF16EB}.Debug|Any CPU.Build.0 = Debug|Any CPU
		{DF53B126-ABA6-44F7-BF6D-974A3AEF16EB}.Release|Any CPU.ActiveCfg = Release|Any CPU
		{DF53B126-ABA6-44F7-BF6D-974A3AEF16EB}.Release|Any CPU.Build.0 = Release|Any CPU
		{87A6F5A3-E6A8-4D5B-AE62-DBBC25FD8C4E}.Debug|Any CPU.ActiveCfg = Debug|Any CPU
		{87A6F5A3-E6A8-4D5B-AE62-DBBC25FD8C4E}.Debug|Any CPU.Build.0 = Debug|Any CPU
		{87A6F5A3-E6A8-4D5B-AE62-DBBC25FD8C4E}.Release|Any CPU.ActiveCfg = Release|Any CPU
		{87A6F5A3-E6A8-4D5B-AE62-DBBC25FD8C4E}.Release|Any CPU.Build.0 = Release|Any CPU
		{AC7773B7-CB0B-439C-BAA2-013159B13105}.Debug|Any CPU.ActiveCfg = Debug|Any CPU
		{AC7773B7-CB0B-439C-BAA2-013159B13105}.Debug|Any CPU.Build.0 = Debug|Any CPU
		{AC7773B7-CB0B-439C-BAA2-013159B13105}.Release|Any CPU.ActiveCfg = Release|Any CPU
		{AC7773B7-CB0B-439C-BAA2-013159B13105}.Release|Any CPU.Build.0 = Release|Any CPU
		{2D950CF4-4152-4F74-A18C-E7D399617A34}.Debug|Any CPU.ActiveCfg = Debug|Any CPU
		{2D950CF4-4152-4F74-A18C-E7D399617A34}.Debug|Any CPU.Build.0 = Debug|Any CPU
		{2D950CF4-4152-4F74-A18C-E7D399617A34}.Release|Any CPU.ActiveCfg = Release|Any CPU
		{2D950CF4-4152-4F74-A18C-E7D399617A34}.Release|Any CPU.Build.0 = Release|Any CPU
		{8E2AB236-8C4B-4CBA-ACCF-C599B132F000}.Debug|Any CPU.ActiveCfg = Debug|Any CPU
		{8E2AB236-8C4B-4CBA-ACCF-C599B132F000}.Debug|Any CPU.Build.0 = Debug|Any CPU
		{8E2AB236-8C4B-4CBA-ACCF-C599B132F000}.Release|Any CPU.ActiveCfg = Release|Any CPU
		{8E2AB236-8C4B-4CBA-ACCF-C599B132F000}.Release|Any CPU.Build.0 = Release|Any CPU
		{D412A1EA-1525-476B-B5AB-AE13548E7AE2}.Debug|Any CPU.ActiveCfg = Debug|Any CPU
		{D412A1EA-1525-476B-B5AB-AE13548E7AE2}.Debug|Any CPU.Build.0 = Debug|Any CPU
		{D412A1EA-1525-476B-B5AB-AE13548E7AE2}.Release|Any CPU.ActiveCfg = Release|Any CPU
		{D412A1EA-1525-476B-B5AB-AE13548E7AE2}.Release|Any CPU.Build.0 = Release|Any CPU
		{3FEE4EDA-398A-4F72-9247-3F2AA7068617}.Debug|Any CPU.ActiveCfg = Debug|Any CPU
		{3FEE4EDA-398A-4F72-9247-3F2AA7068617}.Debug|Any CPU.Build.0 = Debug|Any CPU
		{3FEE4EDA-398A-4F72-9247-3F2AA7068617}.Release|Any CPU.ActiveCfg = Release|Any CPU
		{3FEE4EDA-398A-4F72-9247-3F2AA7068617}.Release|Any CPU.Build.0 = Release|Any CPU
		{1B418A9E-30C8-4ECD-8CE6-B885B2359FF0}.Debug|Any CPU.ActiveCfg = Debug|Any CPU
		{1B418A9E-30C8-4ECD-8CE6-B885B2359FF0}.Debug|Any CPU.Build.0 = Debug|Any CPU
		{1B418A9E-30C8-4ECD-8CE6-B885B2359FF0}.Release|Any CPU.ActiveCfg = Release|Any CPU
		{1B418A9E-30C8-4ECD-8CE6-B885B2359FF0}.Release|Any CPU.Build.0 = Release|Any CPU
		{28241EF8-1DF4-4723-8F91-A90B83076DBE}.Debug|Any CPU.ActiveCfg = Debug|Any CPU
		{28241EF8-1DF4-4723-8F91-A90B83076DBE}.Debug|Any CPU.Build.0 = Debug|Any CPU
		{28241EF8-1DF4-4723-8F91-A90B83076DBE}.Release|Any CPU.ActiveCfg = Release|Any CPU
		{28241EF8-1DF4-4723-8F91-A90B83076DBE}.Release|Any CPU.Build.0 = Release|Any CPU
		{147D5B34-1163-4B58-A122-4F1C3CC350D2}.Debug|Any CPU.ActiveCfg = Debug|Any CPU
		{147D5B34-1163-4B58-A122-4F1C3CC350D2}.Debug|Any CPU.Build.0 = Debug|Any CPU
		{147D5B34-1163-4B58-A122-4F1C3CC350D2}.Release|Any CPU.ActiveCfg = Release|Any CPU
		{147D5B34-1163-4B58-A122-4F1C3CC350D2}.Release|Any CPU.Build.0 = Release|Any CPU
		{A919F501-6BC3-4CFB-BE7A-4804106DA640}.Debug|Any CPU.ActiveCfg = Debug|Any CPU
		{A919F501-6BC3-4CFB-BE7A-4804106DA640}.Debug|Any CPU.Build.0 = Debug|Any CPU
		{A919F501-6BC3-4CFB-BE7A-4804106DA640}.Release|Any CPU.ActiveCfg = Release|Any CPU
		{A919F501-6BC3-4CFB-BE7A-4804106DA640}.Release|Any CPU.Build.0 = Release|Any CPU
		{C36DC723-86D8-4302-9CF3-A80856E8AF50}.Debug|Any CPU.ActiveCfg = Debug|Any CPU
		{C36DC723-86D8-4302-9CF3-A80856E8AF50}.Debug|Any CPU.Build.0 = Debug|Any CPU
		{C36DC723-86D8-4302-9CF3-A80856E8AF50}.Release|Any CPU.ActiveCfg = Release|Any CPU
		{C36DC723-86D8-4302-9CF3-A80856E8AF50}.Release|Any CPU.Build.0 = Release|Any CPU
		{1B941B06-F1A6-40D1-B16B-367161A75557}.Debug|Any CPU.ActiveCfg = Debug|Any CPU
		{1B941B06-F1A6-40D1-B16B-367161A75557}.Debug|Any CPU.Build.0 = Debug|Any CPU
		{1B941B06-F1A6-40D1-B16B-367161A75557}.Release|Any CPU.ActiveCfg = Release|Any CPU
		{1B941B06-F1A6-40D1-B16B-367161A75557}.Release|Any CPU.Build.0 = Release|Any CPU
		{50403D6F-468C-436F-A70A-54CEE1A10599}.Debug|Any CPU.ActiveCfg = Debug|Any CPU
		{50403D6F-468C-436F-A70A-54CEE1A10599}.Debug|Any CPU.Build.0 = Debug|Any CPU
		{50403D6F-468C-436F-A70A-54CEE1A10599}.Release|Any CPU.ActiveCfg = Release|Any CPU
		{50403D6F-468C-436F-A70A-54CEE1A10599}.Release|Any CPU.Build.0 = Release|Any CPU
		{42C1D004-79B7-4959-974D-6F42F55684B1}.Debug|Any CPU.ActiveCfg = Debug|Any CPU
		{42C1D004-79B7-4959-974D-6F42F55684B1}.Debug|Any CPU.Build.0 = Debug|Any CPU
		{42C1D004-79B7-4959-974D-6F42F55684B1}.Release|Any CPU.ActiveCfg = Release|Any CPU
		{42C1D004-79B7-4959-974D-6F42F55684B1}.Release|Any CPU.Build.0 = Release|Any CPU
		{2CB31861-CA66-422F-B52F-B0FE7056A82E}.Debug|Any CPU.ActiveCfg = Debug|Any CPU
		{2CB31861-CA66-422F-B52F-B0FE7056A82E}.Debug|Any CPU.Build.0 = Debug|Any CPU
		{2CB31861-CA66-422F-B52F-B0FE7056A82E}.Release|Any CPU.ActiveCfg = Release|Any CPU
		{2CB31861-CA66-422F-B52F-B0FE7056A82E}.Release|Any CPU.Build.0 = Release|Any CPU
		{88047C83-F8A6-462F-B7B4-EC5AF60F06FB}.Debug|Any CPU.ActiveCfg = Debug|Any CPU
		{88047C83-F8A6-462F-B7B4-EC5AF60F06FB}.Debug|Any CPU.Build.0 = Debug|Any CPU
		{88047C83-F8A6-462F-B7B4-EC5AF60F06FB}.Release|Any CPU.ActiveCfg = Release|Any CPU
		{88047C83-F8A6-462F-B7B4-EC5AF60F06FB}.Release|Any CPU.Build.0 = Release|Any CPU
		{3C70CB37-D732-4D11-8A97-C419E55F7BF0}.Debug|Any CPU.ActiveCfg = Debug|Any CPU
		{3C70CB37-D732-4D11-8A97-C419E55F7BF0}.Debug|Any CPU.Build.0 = Debug|Any CPU
		{3C70CB37-D732-4D11-8A97-C419E55F7BF0}.Release|Any CPU.ActiveCfg = Release|Any CPU
		{3C70CB37-D732-4D11-8A97-C419E55F7BF0}.Release|Any CPU.Build.0 = Release|Any CPU
		{D1784819-46A7-46C0-A9E2-08EC229BAA5B}.Debug|Any CPU.ActiveCfg = Debug|Any CPU
		{D1784819-46A7-46C0-A9E2-08EC229BAA5B}.Debug|Any CPU.Build.0 = Debug|Any CPU
		{D1784819-46A7-46C0-A9E2-08EC229BAA5B}.Release|Any CPU.ActiveCfg = Release|Any CPU
		{D1784819-46A7-46C0-A9E2-08EC229BAA5B}.Release|Any CPU.Build.0 = Release|Any CPU
		{98818102-A1E5-4863-9CF0-828DAB974429}.Debug|Any CPU.ActiveCfg = Debug|Any CPU
		{98818102-A1E5-4863-9CF0-828DAB974429}.Debug|Any CPU.Build.0 = Debug|Any CPU
		{98818102-A1E5-4863-9CF0-828DAB974429}.Release|Any CPU.ActiveCfg = Release|Any CPU
		{98818102-A1E5-4863-9CF0-828DAB974429}.Release|Any CPU.Build.0 = Release|Any CPU
		{69EA4722-27AD-4FCF-B8A8-A1382899FA1E}.Debug|Any CPU.ActiveCfg = Debug|Any CPU
		{69EA4722-27AD-4FCF-B8A8-A1382899FA1E}.Debug|Any CPU.Build.0 = Debug|Any CPU
		{69EA4722-27AD-4FCF-B8A8-A1382899FA1E}.Release|Any CPU.ActiveCfg = Release|Any CPU
		{69EA4722-27AD-4FCF-B8A8-A1382899FA1E}.Release|Any CPU.Build.0 = Release|Any CPU
		{465A5A39-165D-4E6E-A4FF-BD2E9CE87151}.Debug|Any CPU.ActiveCfg = Debug|Any CPU
		{465A5A39-165D-4E6E-A4FF-BD2E9CE87151}.Debug|Any CPU.Build.0 = Debug|Any CPU
		{465A5A39-165D-4E6E-A4FF-BD2E9CE87151}.Release|Any CPU.ActiveCfg = Release|Any CPU
		{465A5A39-165D-4E6E-A4FF-BD2E9CE87151}.Release|Any CPU.Build.0 = Release|Any CPU
		{9A6C59CF-B12A-448D-A14D-ADF29B3B16AE}.Debug|Any CPU.ActiveCfg = Debug|Any CPU
		{9A6C59CF-B12A-448D-A14D-ADF29B3B16AE}.Debug|Any CPU.Build.0 = Debug|Any CPU
		{9A6C59CF-B12A-448D-A14D-ADF29B3B16AE}.Release|Any CPU.ActiveCfg = Release|Any CPU
		{9A6C59CF-B12A-448D-A14D-ADF29B3B16AE}.Release|Any CPU.Build.0 = Release|Any CPU
		{821C19D5-ED56-4F56-812F-A1711538F91F}.Debug|Any CPU.ActiveCfg = Debug|Any CPU
		{821C19D5-ED56-4F56-812F-A1711538F91F}.Debug|Any CPU.Build.0 = Debug|Any CPU
		{821C19D5-ED56-4F56-812F-A1711538F91F}.Release|Any CPU.ActiveCfg = Release|Any CPU
		{821C19D5-ED56-4F56-812F-A1711538F91F}.Release|Any CPU.Build.0 = Release|Any CPU
		{E5A58F12-7A17-4A33-AA4F-F00C58F5E8A9}.Debug|Any CPU.ActiveCfg = Debug|Any CPU
		{E5A58F12-7A17-4A33-AA4F-F00C58F5E8A9}.Debug|Any CPU.Build.0 = Debug|Any CPU
		{E5A58F12-7A17-4A33-AA4F-F00C58F5E8A9}.Release|Any CPU.ActiveCfg = Release|Any CPU
		{E5A58F12-7A17-4A33-AA4F-F00C58F5E8A9}.Release|Any CPU.Build.0 = Release|Any CPU
		{8025653A-1C06-448C-9ABC-74A8FEAB7E8B}.Debug|Any CPU.ActiveCfg = Debug|Any CPU
		{8025653A-1C06-448C-9ABC-74A8FEAB7E8B}.Debug|Any CPU.Build.0 = Debug|Any CPU
		{8025653A-1C06-448C-9ABC-74A8FEAB7E8B}.Release|Any CPU.ActiveCfg = Release|Any CPU
		{8025653A-1C06-448C-9ABC-74A8FEAB7E8B}.Release|Any CPU.Build.0 = Release|Any CPU
		{970949C9-B9FC-4C78-9F8B-FBE5532B06E2}.Debug|Any CPU.ActiveCfg = Debug|Any CPU
		{970949C9-B9FC-4C78-9F8B-FBE5532B06E2}.Debug|Any CPU.Build.0 = Debug|Any CPU
		{970949C9-B9FC-4C78-9F8B-FBE5532B06E2}.Release|Any CPU.ActiveCfg = Release|Any CPU
		{970949C9-B9FC-4C78-9F8B-FBE5532B06E2}.Release|Any CPU.Build.0 = Release|Any CPU
		{EAD3CEAB-CF68-49CD-9289-81C492E04D74}.Debug|Any CPU.ActiveCfg = Debug|Any CPU
		{EAD3CEAB-CF68-49CD-9289-81C492E04D74}.Debug|Any CPU.Build.0 = Debug|Any CPU
		{EAD3CEAB-CF68-49CD-9289-81C492E04D74}.Release|Any CPU.ActiveCfg = Release|Any CPU
		{EAD3CEAB-CF68-49CD-9289-81C492E04D74}.Release|Any CPU.Build.0 = Release|Any CPU
		{3EC0C487-2EB3-4BA4-9A11-CF3267B45560}.Debug|Any CPU.ActiveCfg = Debug|Any CPU
		{3EC0C487-2EB3-4BA4-9A11-CF3267B45560}.Debug|Any CPU.Build.0 = Debug|Any CPU
		{3EC0C487-2EB3-4BA4-9A11-CF3267B45560}.Release|Any CPU.ActiveCfg = Release|Any CPU
		{3EC0C487-2EB3-4BA4-9A11-CF3267B45560}.Release|Any CPU.Build.0 = Release|Any CPU
		{CB1D6E3B-CD34-485A-B0F9-55A97E9B5648}.Debug|Any CPU.ActiveCfg = Debug|Any CPU
		{CB1D6E3B-CD34-485A-B0F9-55A97E9B5648}.Debug|Any CPU.Build.0 = Debug|Any CPU
		{CB1D6E3B-CD34-485A-B0F9-55A97E9B5648}.Release|Any CPU.ActiveCfg = Release|Any CPU
		{CB1D6E3B-CD34-485A-B0F9-55A97E9B5648}.Release|Any CPU.Build.0 = Release|Any CPU
		{A68E2A8A-5EEF-4F34-90AD-28182E4B1386}.Debug|Any CPU.ActiveCfg = Debug|Any CPU
		{A68E2A8A-5EEF-4F34-90AD-28182E4B1386}.Debug|Any CPU.Build.0 = Debug|Any CPU
		{A68E2A8A-5EEF-4F34-90AD-28182E4B1386}.Release|Any CPU.ActiveCfg = Release|Any CPU
		{A68E2A8A-5EEF-4F34-90AD-28182E4B1386}.Release|Any CPU.Build.0 = Release|Any CPU
		{390DB4C0-764D-4093-BD69-627E19DC0DC0}.Debug|Any CPU.ActiveCfg = Debug|Any CPU
		{390DB4C0-764D-4093-BD69-627E19DC0DC0}.Debug|Any CPU.Build.0 = Debug|Any CPU
		{390DB4C0-764D-4093-BD69-627E19DC0DC0}.Release|Any CPU.ActiveCfg = Release|Any CPU
		{390DB4C0-764D-4093-BD69-627E19DC0DC0}.Release|Any CPU.Build.0 = Release|Any CPU
		{F19A6E8C-BFA1-4E64-83EA-03DBC2500914}.Debug|Any CPU.ActiveCfg = Debug|Any CPU
		{F19A6E8C-BFA1-4E64-83EA-03DBC2500914}.Debug|Any CPU.Build.0 = Debug|Any CPU
		{F19A6E8C-BFA1-4E64-83EA-03DBC2500914}.Release|Any CPU.ActiveCfg = Release|Any CPU
		{F19A6E8C-BFA1-4E64-83EA-03DBC2500914}.Release|Any CPU.Build.0 = Release|Any CPU
		{24A539B7-1C30-4FB0-A169-00A874AFD094}.Debug|Any CPU.ActiveCfg = Debug|Any CPU
		{24A539B7-1C30-4FB0-A169-00A874AFD094}.Debug|Any CPU.Build.0 = Debug|Any CPU
		{24A539B7-1C30-4FB0-A169-00A874AFD094}.Release|Any CPU.ActiveCfg = Release|Any CPU
		{24A539B7-1C30-4FB0-A169-00A874AFD094}.Release|Any CPU.Build.0 = Release|Any CPU
		{4FE0802E-045B-4C1A-86CF-FCC1BDB2A2A9}.Debug|Any CPU.ActiveCfg = Debug|Any CPU
		{4FE0802E-045B-4C1A-86CF-FCC1BDB2A2A9}.Debug|Any CPU.Build.0 = Debug|Any CPU
		{4FE0802E-045B-4C1A-86CF-FCC1BDB2A2A9}.Release|Any CPU.ActiveCfg = Release|Any CPU
		{4FE0802E-045B-4C1A-86CF-FCC1BDB2A2A9}.Release|Any CPU.Build.0 = Release|Any CPU
		{74058DC0-480D-4C30-AFF0-EEBAABA0F924}.Debug|Any CPU.ActiveCfg = Debug|Any CPU
		{74058DC0-480D-4C30-AFF0-EEBAABA0F924}.Debug|Any CPU.Build.0 = Debug|Any CPU
		{74058DC0-480D-4C30-AFF0-EEBAABA0F924}.Release|Any CPU.ActiveCfg = Release|Any CPU
		{74058DC0-480D-4C30-AFF0-EEBAABA0F924}.Release|Any CPU.Build.0 = Release|Any CPU
		{F5378A81-13F9-41B2-93E0-C6D3A991AA0D}.Debug|Any CPU.ActiveCfg = Debug|Any CPU
		{F5378A81-13F9-41B2-93E0-C6D3A991AA0D}.Debug|Any CPU.Build.0 = Debug|Any CPU
		{F5378A81-13F9-41B2-93E0-C6D3A991AA0D}.Release|Any CPU.ActiveCfg = Release|Any CPU
		{F5378A81-13F9-41B2-93E0-C6D3A991AA0D}.Release|Any CPU.Build.0 = Release|Any CPU
		{4D837D6E-EAF8-435E-B04E-56511B9B44AE}.Debug|Any CPU.ActiveCfg = Debug|Any CPU
		{4D837D6E-EAF8-435E-B04E-56511B9B44AE}.Debug|Any CPU.Build.0 = Debug|Any CPU
		{4D837D6E-EAF8-435E-B04E-56511B9B44AE}.Release|Any CPU.ActiveCfg = Release|Any CPU
		{4D837D6E-EAF8-435E-B04E-56511B9B44AE}.Release|Any CPU.Build.0 = Release|Any CPU
		{418CCA2E-A208-40BF-82B1-2C92E00FE8D4}.Debug|Any CPU.ActiveCfg = Debug|Any CPU
		{418CCA2E-A208-40BF-82B1-2C92E00FE8D4}.Debug|Any CPU.Build.0 = Debug|Any CPU
		{418CCA2E-A208-40BF-82B1-2C92E00FE8D4}.Release|Any CPU.ActiveCfg = Release|Any CPU
		{418CCA2E-A208-40BF-82B1-2C92E00FE8D4}.Release|Any CPU.Build.0 = Release|Any CPU
		{EB49064C-BE21-4FB6-AAC2-552CE38A6D70}.Debug|Any CPU.ActiveCfg = Debug|Any CPU
		{EB49064C-BE21-4FB6-AAC2-552CE38A6D70}.Debug|Any CPU.Build.0 = Debug|Any CPU
		{EB49064C-BE21-4FB6-AAC2-552CE38A6D70}.Release|Any CPU.ActiveCfg = Release|Any CPU
		{EB49064C-BE21-4FB6-AAC2-552CE38A6D70}.Release|Any CPU.Build.0 = Release|Any CPU
		{4A600917-5C92-44BB-B043-278CDE660C56}.Debug|Any CPU.ActiveCfg = Debug|Any CPU
		{4A600917-5C92-44BB-B043-278CDE660C56}.Debug|Any CPU.Build.0 = Debug|Any CPU
		{4A600917-5C92-44BB-B043-278CDE660C56}.Release|Any CPU.ActiveCfg = Release|Any CPU
		{4A600917-5C92-44BB-B043-278CDE660C56}.Release|Any CPU.Build.0 = Release|Any CPU
		{F51C0D2F-FA0B-4287-B3ED-5CFD95E3F5EC}.Debug|Any CPU.ActiveCfg = Debug|Any CPU
		{F51C0D2F-FA0B-4287-B3ED-5CFD95E3F5EC}.Debug|Any CPU.Build.0 = Debug|Any CPU
		{F51C0D2F-FA0B-4287-B3ED-5CFD95E3F5EC}.Release|Any CPU.ActiveCfg = Release|Any CPU
		{F51C0D2F-FA0B-4287-B3ED-5CFD95E3F5EC}.Release|Any CPU.Build.0 = Release|Any CPU
		{0F131ECA-2ED3-45D5-8DE5-B3922B5C3405}.Debug|Any CPU.ActiveCfg = Debug|Any CPU
		{0F131ECA-2ED3-45D5-8DE5-B3922B5C3405}.Debug|Any CPU.Build.0 = Debug|Any CPU
		{0F131ECA-2ED3-45D5-8DE5-B3922B5C3405}.Release|Any CPU.ActiveCfg = Release|Any CPU
		{0F131ECA-2ED3-45D5-8DE5-B3922B5C3405}.Release|Any CPU.Build.0 = Release|Any CPU
		{85588A30-8657-4363-8C56-CF87AC24BD23}.Debug|Any CPU.ActiveCfg = Debug|Any CPU
		{85588A30-8657-4363-8C56-CF87AC24BD23}.Debug|Any CPU.Build.0 = Debug|Any CPU
		{85588A30-8657-4363-8C56-CF87AC24BD23}.Release|Any CPU.ActiveCfg = Release|Any CPU
		{85588A30-8657-4363-8C56-CF87AC24BD23}.Release|Any CPU.Build.0 = Release|Any CPU
		{F5A852EE-0AD8-4486-A9B1-80EF6CC6386A}.Debug|Any CPU.ActiveCfg = Debug|Any CPU
		{F5A852EE-0AD8-4486-A9B1-80EF6CC6386A}.Debug|Any CPU.Build.0 = Debug|Any CPU
		{F5A852EE-0AD8-4486-A9B1-80EF6CC6386A}.Release|Any CPU.ActiveCfg = Release|Any CPU
		{F5A852EE-0AD8-4486-A9B1-80EF6CC6386A}.Release|Any CPU.Build.0 = Release|Any CPU
		{6F9353CB-C4B2-44D2-A3E9-A432DD296368}.Debug|Any CPU.ActiveCfg = Debug|Any CPU
		{6F9353CB-C4B2-44D2-A3E9-A432DD296368}.Debug|Any CPU.Build.0 = Debug|Any CPU
		{6F9353CB-C4B2-44D2-A3E9-A432DD296368}.Release|Any CPU.ActiveCfg = Release|Any CPU
		{6F9353CB-C4B2-44D2-A3E9-A432DD296368}.Release|Any CPU.Build.0 = Release|Any CPU
		{4E0F0320-BBC4-4150-8084-5A7A4702E715}.Debug|Any CPU.ActiveCfg = Debug|Any CPU
		{4E0F0320-BBC4-4150-8084-5A7A4702E715}.Debug|Any CPU.Build.0 = Debug|Any CPU
		{4E0F0320-BBC4-4150-8084-5A7A4702E715}.Release|Any CPU.ActiveCfg = Release|Any CPU
		{4E0F0320-BBC4-4150-8084-5A7A4702E715}.Release|Any CPU.Build.0 = Release|Any CPU
		{D14D8AAE-4270-48AC-AA93-6ECE2E7AF702}.Debug|Any CPU.ActiveCfg = Debug|Any CPU
		{D14D8AAE-4270-48AC-AA93-6ECE2E7AF702}.Debug|Any CPU.Build.0 = Debug|Any CPU
		{D14D8AAE-4270-48AC-AA93-6ECE2E7AF702}.Release|Any CPU.ActiveCfg = Release|Any CPU
		{D14D8AAE-4270-48AC-AA93-6ECE2E7AF702}.Release|Any CPU.Build.0 = Release|Any CPU
		{9DFCA41F-67DA-45F1-8723-E41B2C03DE0E}.Debug|Any CPU.ActiveCfg = Debug|Any CPU
		{9DFCA41F-67DA-45F1-8723-E41B2C03DE0E}.Debug|Any CPU.Build.0 = Debug|Any CPU
		{9DFCA41F-67DA-45F1-8723-E41B2C03DE0E}.Release|Any CPU.ActiveCfg = Release|Any CPU
		{9DFCA41F-67DA-45F1-8723-E41B2C03DE0E}.Release|Any CPU.Build.0 = Release|Any CPU
		{F367E18A-7A01-4DE6-A383-967490BC0741}.Debug|Any CPU.ActiveCfg = Debug|Any CPU
		{F367E18A-7A01-4DE6-A383-967490BC0741}.Debug|Any CPU.Build.0 = Debug|Any CPU
		{F367E18A-7A01-4DE6-A383-967490BC0741}.Release|Any CPU.ActiveCfg = Release|Any CPU
		{F367E18A-7A01-4DE6-A383-967490BC0741}.Release|Any CPU.Build.0 = Release|Any CPU
		{B38B8C66-9D6E-46E6-9424-9E05ACFD3F2C}.Debug|Any CPU.ActiveCfg = Debug|Any CPU
		{B38B8C66-9D6E-46E6-9424-9E05ACFD3F2C}.Debug|Any CPU.Build.0 = Debug|Any CPU
		{B38B8C66-9D6E-46E6-9424-9E05ACFD3F2C}.Release|Any CPU.ActiveCfg = Release|Any CPU
		{B38B8C66-9D6E-46E6-9424-9E05ACFD3F2C}.Release|Any CPU.Build.0 = Release|Any CPU
		{10798026-DA26-4773-9990-D13CFF2A68F5}.Debug|Any CPU.ActiveCfg = Debug|Any CPU
		{10798026-DA26-4773-9990-D13CFF2A68F5}.Debug|Any CPU.Build.0 = Debug|Any CPU
		{10798026-DA26-4773-9990-D13CFF2A68F5}.Release|Any CPU.ActiveCfg = Release|Any CPU
		{10798026-DA26-4773-9990-D13CFF2A68F5}.Release|Any CPU.Build.0 = Release|Any CPU
		{EE8B015D-A4B6-4A6B-AD6D-E79FAE6E97EA}.Debug|Any CPU.ActiveCfg = Debug|Any CPU
		{EE8B015D-A4B6-4A6B-AD6D-E79FAE6E97EA}.Debug|Any CPU.Build.0 = Debug|Any CPU
		{EE8B015D-A4B6-4A6B-AD6D-E79FAE6E97EA}.Release|Any CPU.ActiveCfg = Release|Any CPU
		{EE8B015D-A4B6-4A6B-AD6D-E79FAE6E97EA}.Release|Any CPU.Build.0 = Release|Any CPU
		{6FCECB41-DF3C-4B31-8D7F-AC22ED129B49}.Debug|Any CPU.ActiveCfg = Debug|Any CPU
		{6FCECB41-DF3C-4B31-8D7F-AC22ED129B49}.Debug|Any CPU.Build.0 = Debug|Any CPU
		{6FCECB41-DF3C-4B31-8D7F-AC22ED129B49}.Release|Any CPU.ActiveCfg = Release|Any CPU
		{6FCECB41-DF3C-4B31-8D7F-AC22ED129B49}.Release|Any CPU.Build.0 = Release|Any CPU
		{C33B588B-3D59-4C45-A550-7DC1A323C193}.Debug|Any CPU.ActiveCfg = Debug|Any CPU
		{C33B588B-3D59-4C45-A550-7DC1A323C193}.Debug|Any CPU.Build.0 = Debug|Any CPU
		{C33B588B-3D59-4C45-A550-7DC1A323C193}.Release|Any CPU.ActiveCfg = Release|Any CPU
		{C33B588B-3D59-4C45-A550-7DC1A323C193}.Release|Any CPU.Build.0 = Release|Any CPU
		{C0523591-E245-4034-AB5F-E18B4A5EED04}.Debug|Any CPU.ActiveCfg = Debug|Any CPU
		{C0523591-E245-4034-AB5F-E18B4A5EED04}.Debug|Any CPU.Build.0 = Debug|Any CPU
		{C0523591-E245-4034-AB5F-E18B4A5EED04}.Release|Any CPU.ActiveCfg = Release|Any CPU
		{C0523591-E245-4034-AB5F-E18B4A5EED04}.Release|Any CPU.Build.0 = Release|Any CPU
		{F530CE57-3B7E-4408-8BB5-67DDD939779E}.Debug|Any CPU.ActiveCfg = Debug|Any CPU
		{F530CE57-3B7E-4408-8BB5-67DDD939779E}.Debug|Any CPU.Build.0 = Debug|Any CPU
		{F530CE57-3B7E-4408-8BB5-67DDD939779E}.Release|Any CPU.ActiveCfg = Release|Any CPU
		{F530CE57-3B7E-4408-8BB5-67DDD939779E}.Release|Any CPU.Build.0 = Release|Any CPU
		{5A76BFD8-14BB-4F68-8D24-D5922F31C876}.Debug|Any CPU.ActiveCfg = Debug|Any CPU
		{5A76BFD8-14BB-4F68-8D24-D5922F31C876}.Debug|Any CPU.Build.0 = Debug|Any CPU
		{5A76BFD8-14BB-4F68-8D24-D5922F31C876}.Release|Any CPU.ActiveCfg = Release|Any CPU
		{5A76BFD8-14BB-4F68-8D24-D5922F31C876}.Release|Any CPU.Build.0 = Release|Any CPU
		{0764B2BD-873E-4A18-8262-1F99B0303314}.Debug|Any CPU.ActiveCfg = Debug|Any CPU
		{0764B2BD-873E-4A18-8262-1F99B0303314}.Debug|Any CPU.Build.0 = Debug|Any CPU
		{0764B2BD-873E-4A18-8262-1F99B0303314}.Release|Any CPU.ActiveCfg = Release|Any CPU
		{0764B2BD-873E-4A18-8262-1F99B0303314}.Release|Any CPU.Build.0 = Release|Any CPU
		{781B6788-5AC8-4FA6-9CF8-3BFAD067F608}.Debug|Any CPU.ActiveCfg = Debug|Any CPU
		{781B6788-5AC8-4FA6-9CF8-3BFAD067F608}.Debug|Any CPU.Build.0 = Debug|Any CPU
		{781B6788-5AC8-4FA6-9CF8-3BFAD067F608}.Release|Any CPU.ActiveCfg = Release|Any CPU
		{781B6788-5AC8-4FA6-9CF8-3BFAD067F608}.Release|Any CPU.Build.0 = Release|Any CPU
		{98E7CBD0-43D0-423C-9841-359A5BB6F35A}.Debug|Any CPU.ActiveCfg = Debug|Any CPU
		{98E7CBD0-43D0-423C-9841-359A5BB6F35A}.Debug|Any CPU.Build.0 = Debug|Any CPU
		{98E7CBD0-43D0-423C-9841-359A5BB6F35A}.Release|Any CPU.ActiveCfg = Release|Any CPU
		{98E7CBD0-43D0-423C-9841-359A5BB6F35A}.Release|Any CPU.Build.0 = Release|Any CPU
		{F8CE407E-2249-41F1-8844-E00DDD18C3CB}.Debug|Any CPU.ActiveCfg = Debug|Any CPU
		{F8CE407E-2249-41F1-8844-E00DDD18C3CB}.Debug|Any CPU.Build.0 = Debug|Any CPU
		{F8CE407E-2249-41F1-8844-E00DDD18C3CB}.Release|Any CPU.ActiveCfg = Release|Any CPU
		{F8CE407E-2249-41F1-8844-E00DDD18C3CB}.Release|Any CPU.Build.0 = Release|Any CPU
		{99F28248-911C-431D-B3DB-ECAFE2E80BEB}.Debug|Any CPU.ActiveCfg = Debug|Any CPU
		{99F28248-911C-431D-B3DB-ECAFE2E80BEB}.Debug|Any CPU.Build.0 = Debug|Any CPU
		{99F28248-911C-431D-B3DB-ECAFE2E80BEB}.Release|Any CPU.ActiveCfg = Release|Any CPU
		{99F28248-911C-431D-B3DB-ECAFE2E80BEB}.Release|Any CPU.Build.0 = Release|Any CPU
		{EC1A5771-156D-498C-82D7-FCE82697007D}.Debug|Any CPU.ActiveCfg = Debug|Any CPU
		{EC1A5771-156D-498C-82D7-FCE82697007D}.Debug|Any CPU.Build.0 = Debug|Any CPU
		{EC1A5771-156D-498C-82D7-FCE82697007D}.Release|Any CPU.ActiveCfg = Release|Any CPU
		{EC1A5771-156D-498C-82D7-FCE82697007D}.Release|Any CPU.Build.0 = Release|Any CPU
		{CEB02329-AB19-4C19-9B2F-DD1BE297DCCD}.Debug|Any CPU.ActiveCfg = Debug|Any CPU
		{CEB02329-AB19-4C19-9B2F-DD1BE297DCCD}.Debug|Any CPU.Build.0 = Debug|Any CPU
		{CEB02329-AB19-4C19-9B2F-DD1BE297DCCD}.Release|Any CPU.ActiveCfg = Release|Any CPU
		{CEB02329-AB19-4C19-9B2F-DD1BE297DCCD}.Release|Any CPU.Build.0 = Release|Any CPU
		{3324DDE2-3615-4C43-AFE2-D28D17D0EED5}.Debug|Any CPU.ActiveCfg = Debug|Any CPU
		{3324DDE2-3615-4C43-AFE2-D28D17D0EED5}.Debug|Any CPU.Build.0 = Debug|Any CPU
		{3324DDE2-3615-4C43-AFE2-D28D17D0EED5}.Release|Any CPU.ActiveCfg = Release|Any CPU
		{3324DDE2-3615-4C43-AFE2-D28D17D0EED5}.Release|Any CPU.Build.0 = Release|Any CPU
		{823B29C2-1339-4426-8456-F04FC449F778}.Debug|Any CPU.ActiveCfg = Debug|Any CPU
		{823B29C2-1339-4426-8456-F04FC449F778}.Debug|Any CPU.Build.0 = Debug|Any CPU
		{823B29C2-1339-4426-8456-F04FC449F778}.Release|Any CPU.ActiveCfg = Release|Any CPU
		{823B29C2-1339-4426-8456-F04FC449F778}.Release|Any CPU.Build.0 = Release|Any CPU
		{8EC03629-E632-4431-B58C-B3E1C7DE0D93}.Debug|Any CPU.ActiveCfg = Debug|Any CPU
		{8EC03629-E632-4431-B58C-B3E1C7DE0D93}.Debug|Any CPU.Build.0 = Debug|Any CPU
		{8EC03629-E632-4431-B58C-B3E1C7DE0D93}.Release|Any CPU.ActiveCfg = Release|Any CPU
		{8EC03629-E632-4431-B58C-B3E1C7DE0D93}.Release|Any CPU.Build.0 = Release|Any CPU
		{92EFCB16-1361-42CF-B5E6-4DD6041AA54B}.Debug|Any CPU.ActiveCfg = Debug|Any CPU
		{92EFCB16-1361-42CF-B5E6-4DD6041AA54B}.Debug|Any CPU.Build.0 = Debug|Any CPU
		{92EFCB16-1361-42CF-B5E6-4DD6041AA54B}.Release|Any CPU.ActiveCfg = Release|Any CPU
		{92EFCB16-1361-42CF-B5E6-4DD6041AA54B}.Release|Any CPU.Build.0 = Release|Any CPU
		{63FD6E84-481D-40AA-A00C-3C7764A81613}.Debug|Any CPU.ActiveCfg = Debug|Any CPU
		{63FD6E84-481D-40AA-A00C-3C7764A81613}.Debug|Any CPU.Build.0 = Debug|Any CPU
		{63FD6E84-481D-40AA-A00C-3C7764A81613}.Release|Any CPU.ActiveCfg = Release|Any CPU
		{63FD6E84-481D-40AA-A00C-3C7764A81613}.Release|Any CPU.Build.0 = Release|Any CPU
		{C67AA50F-ABF6-4C80-A3B3-F43362046E9A}.Debug|Any CPU.ActiveCfg = Debug|Any CPU
		{C67AA50F-ABF6-4C80-A3B3-F43362046E9A}.Debug|Any CPU.Build.0 = Debug|Any CPU
		{C67AA50F-ABF6-4C80-A3B3-F43362046E9A}.Release|Any CPU.ActiveCfg = Release|Any CPU
		{C67AA50F-ABF6-4C80-A3B3-F43362046E9A}.Release|Any CPU.Build.0 = Release|Any CPU
		{5CE1F8A1-6959-496C-A376-A68402F8AE68}.Debug|Any CPU.ActiveCfg = Debug|Any CPU
		{5CE1F8A1-6959-496C-A376-A68402F8AE68}.Debug|Any CPU.Build.0 = Debug|Any CPU
		{5CE1F8A1-6959-496C-A376-A68402F8AE68}.Release|Any CPU.ActiveCfg = Release|Any CPU
		{5CE1F8A1-6959-496C-A376-A68402F8AE68}.Release|Any CPU.Build.0 = Release|Any CPU
		{D2B9BCE6-7DDE-4E47-B25C-ABB84F0FEBE0}.Debug|Any CPU.ActiveCfg = Debug|Any CPU
		{D2B9BCE6-7DDE-4E47-B25C-ABB84F0FEBE0}.Debug|Any CPU.Build.0 = Debug|Any CPU
		{D2B9BCE6-7DDE-4E47-B25C-ABB84F0FEBE0}.Release|Any CPU.ActiveCfg = Release|Any CPU
		{D2B9BCE6-7DDE-4E47-B25C-ABB84F0FEBE0}.Release|Any CPU.Build.0 = Release|Any CPU
	EndGlobalSection
	GlobalSection(SolutionProperties) = preSolution
		HideSolutionNode = FALSE
	EndGlobalSection
EndGlobal
